
Microsoft Visual Studio Solution File, Format Version 12.00
# Visual Studio Version 17
Project("{8BC9CEB8-8B4A-11D0-8D11-00A0C91BC942}") = "ALL_BUILD", "ALL_BUILD.vcxproj", "{C7A0FEBD-3881-38BD-A42C-06D0F55E802D}"
	ProjectSection(ProjectDependencies) = postProject
		{2503B86B-E37C-3F45-935C-C5922ACE2297} = {2503B86B-E37C-3F45-935C-C5922ACE2297}
		{E167FCD7-FF4F-3385-A2C9-8ACCC06BCCD5} = {E167FCD7-FF4F-3385-A2C9-8ACCC06BCCD5}
		{58B13DA1-0418-3AB6-80E7-2BDF5F95D7A4} = {58B13DA1-0418-3AB6-80E7-2BDF5F95D7A4}
		{9799E457-79C4-37A7-8067-63C85B415AF2} = {9799E457-79C4-37A7-8067-63C85B415AF2}
	EndProjectSection
EndProject
Project("{8BC9CEB8-8B4A-11D0-8D11-00A0C91BC942}") = "RUN_TESTS", "RUN_TESTS.vcxproj", "{674681B7-1703-3A35-A401-61B094EA0101}"
	ProjectSection(ProjectDependencies) = postProject
		{2503B86B-E37C-3F45-935C-C5922ACE2297} = {2503B86B-E37C-3F45-935C-C5922ACE2297}
	EndProjectSection
EndProject
Project("{8BC9CEB8-8B4A-11D0-8D11-00A0C91BC942}") = "ZERO_CHECK", "ZERO_CHECK.vcxproj", "{2503B86B-E37C-3F45-935C-C5922ACE2297}"
	ProjectSection(ProjectDependencies) = postProject
	EndProjectSection
EndProject
Project("{8BC9CEB8-8B4A-11D0-8D11-00A0C91BC942}") = "_core", "bindings\_core.vcxproj", "{E167FCD7-FF4F-3385-A2C9-8ACCC06BCCD5}"
	ProjectSection(ProjectDependencies) = postProject
		{2503B86B-E37C-3F45-935C-C5922ACE2297} = {2503B86B-E37C-3F45-935C-C5922ACE2297}
		{58B13DA1-0418-3AB6-80E7-2BDF5F95D7A4} = {58B13DA1-0418-3AB6-80E7-2BDF5F95D7A4}
	EndProjectSection
EndProject
Project("{8BC9CEB8-8B4A-11D0-8D11-00A0C91BC942}") = "frontier_core", "cpp\frontier_core.vcxproj", "{58B13DA1-0418-3AB6-80E7-2BDF5F95D7A4}"
	ProjectSection(ProjectDependencies) = postProject
		{2503B86B-E37C-3F45-935C-C5922ACE2297} = {2503B86B-E37C-3F45-935C-C5922ACE2297}
	EndProjectSection
EndProject
Project("{8BC9CEB8-8B4A-11D0-8D11-00A0C91BC942}") = "frontier_tests", "cpp\tests\frontier_tests.vcxproj", "{9799E457-79C4-37A7-8067-63C85B415AF2}"
	ProjectSection(ProjectDependencies) = postProject
		{2503B86B-E37C-3F45-935C-C5922ACE2297} = {2503B86B-E37C-3F45-935C-C5922ACE2297}
		{58B13DA1-0418-3AB6-80E7-2BDF5F95D7A4} = {58B13DA1-0418-3AB6-80E7-2BDF5F95D7A4}
	EndProjectSection
EndProject
Global
	GlobalSection(SolutionConfigurationPlatforms) = preSolution
		Debug|x64 = Debug|x64
		Release|x64 = Release|x64
		MinSizeRel|x64 = MinSizeRel|x64
		RelWithDebInfo|x64 = RelWithDebInfo|x64
	EndGlobalSection
	GlobalSection(ProjectConfigurationPlatforms) = postSolution
		{C7A0FEBD-3881-38BD-A42C-06D0F55E802D}.Debug|x64.ActiveCfg = Debug|x64
		{C7A0FEBD-3881-38BD-A42C-06D0F55E802D}.Release|x64.ActiveCfg = Release|x64
		{C7A0FEBD-3881-38BD-A42C-06D0F55E802D}.MinSizeRel|x64.ActiveCfg = MinSizeRel|x64
		{C7A0FEBD-3881-38BD-A42C-06D0F55E802D}.RelWithDebInfo|x64.ActiveCfg = RelWithDebInfo|x64
		{674681B7-1703-3A35-A401-61B094EA0101}.Debug|x64.ActiveCfg = Debug|x64
		{674681B7-1703-3A35-A401-61B094EA0101}.Release|x64.ActiveCfg = Release|x64
		{674681B7-1703-3A35-A401-61B094EA0101}.MinSizeRel|x64.ActiveCfg = MinSizeRel|x64
		{674681B7-1703-3A35-A401-61B094EA0101}.RelWithDebInfo|x64.ActiveCfg = RelWithDebInfo|x64
		{2503B86B-E37C-3F45-935C-C5922ACE2297}.Debug|x64.ActiveCfg = Debug|x64
		{2503B86B-E37C-3F45-935C-C5922ACE2297}.Debug|x64.Build.0 = Debug|x64
		{2503B86B-E37C-3F45-935C-C5922ACE2297}.Release|x64.ActiveCfg = Release|x64
		{2503B86B-E37C-3F45-935C-C5922ACE2297}.Release|x64.Build.0 = Release|x64
		{2503B86B-E37C-3F45-935C-C5922ACE2297}.MinSizeRel|x64.ActiveCfg = MinSizeRel|x64
		{2503B86B-E37C-3F45-935C-C5922ACE2297}.MinSizeRel|x64.Build.0 = MinSizeRel|x64
		{2503B86B-E37C-3F45-935C-C5922ACE2297}.RelWithDebInfo|x64.ActiveCfg = RelWithDebInfo|x64
		{2503B86B-E37C-3F45-935C-C5922ACE2297}.RelWithDebInfo|x64.Build.0 = RelWithDebInfo|x64
		{E167FCD7-FF4F-3385-A2C9-8ACCC06BCCD5}.Debug|x64.ActiveCfg = Debug|x64
		{E167FCD7-FF4F-3385-A2C9-8ACCC06BCCD5}.Debug|x64.Build.0 = Debug|x64
		{E167FCD7-FF4F-3385-A2C9-8ACCC06BCCD5}.Release|x64.ActiveCfg = Release|x64
		{E167FCD7-FF4F-3385-A2C9-8ACCC06BCCD5}.Release|x64.Build.0 = Release|x64
		{E167FCD7-FF4F-3385-A2C9-8ACCC06BCCD5}.MinSizeRel|x64.ActiveCfg = MinSizeRel|x64
		{E167FCD7-FF4F-3385-A2C9-8ACCC06BCCD5}.MinSizeRel|x64.Build.0 = MinSizeRel|x64
		{E167FCD7-FF4F-3385-A2C9-8ACCC06BCCD5}.RelWithDebInfo|x64.ActiveCfg = RelWithDebInfo|x64
		{E167FCD7-FF4F-3385-A2C9-8ACCC06BCCD5}.RelWithDebInfo|x64.Build.0 = RelWithDebInfo|x64
		{58B13DA1-0418-3AB6-80E7-2BDF5F95D7A4}.Debug|x64.ActiveCfg = Debug|x64
		{58B13DA1-0418-3AB6-80E7-2BDF5F95D7A4}.Debug|x64.Build.0 = Debug|x64
		{58B13DA1-0418-3AB6-80E7-2BDF5F95D7A4}.Release|x64.ActiveCfg = Release|x64
		{58B13DA1-0418-3AB6-80E7-2BDF5F95D7A4}.Release|x64.Build.0 = Release|x64
		{58B13DA1-0418-3AB6-80E7-2BDF5F95D7A4}.MinSizeRel|x64.ActiveCfg = MinSizeRel|x64
		{58B13DA1-0418-3AB6-80E7-2BDF5F95D7A4}.MinSizeRel|x64.Build.0 = MinSizeRel|x64
		{58B13DA1-0418-3AB6-80E7-2BDF5F95D7A4}.RelWithDebInfo|x64.ActiveCfg = RelWithDebInfo|x64
		{58B13DA1-0418-3AB6-80E7-2BDF5F95D7A4}.RelWithDebInfo|x64.Build.0 = RelWithDebInfo|x64
		{9799E457-79C4-37A7-8067-63C85B415AF2}.Debug|x64.ActiveCfg = Debug|x64
		{9799E457-79C4-37A7-8067-63C85B415AF2}.Debug|x64.Build.0 = Debug|x64
		{9799E457-79C4-37A7-8067-63C85B415AF2}.Release|x64.ActiveCfg = Release|x64
		{9799E457-79C4-37A7-8067-63C85B415AF2}.Release|x64.Build.0 = Release|x64
		{9799E457-79C4-37A7-8067-63C85B415AF2}.MinSizeRel|x64.ActiveCfg = MinSizeRel|x64
		{9799E457-79C4-37A7-8067-63C85B415AF2}.MinSizeRel|x64.Build.0 = MinSizeRel|x64
		{9799E457-79C4-37A7-8067-63C85B415AF2}.RelWithDebInfo|x64.ActiveCfg = RelWithDebInfo|x64
		{9799E457-79C4-37A7-8067-63C85B415AF2}.RelWithDebInfo|x64.Build.0 = RelWithDebInfo|x64
	EndGlobalSection
	GlobalSection(ExtensibilityGlobals) = postSolution
		SolutionGuid = {21420904-EAA9-3573-B3FF-B98A6342AFCB}
	EndGlobalSection
	GlobalSection(ExtensibilityAddIns) = postSolution
	EndGlobalSection
EndGlobal
