<?xml version="1.0" encoding="utf-8"?>
<Project ToolsVersion="17.0" xmlns="http://schemas.microsoft.com/developer/msbuild/2003">
  <ItemGroup>
    <CustomBuild Include="H:\WorkSpace\language-Frontier\build-msvc\CMakeFiles\c8f91fe1cf41e375091428a66bfd26c2\RUN_TESTS_force.rule">
      <Filter>CMake Rules</Filter>
    </CustomBuild>
  </ItemGroup>
  <ItemGroup>
    <Filter Include="CMake Rules">
      <UniqueIdentifier>{DA765ACA-698E-364B-BCFC-7C305434BE69}</UniqueIdentifier>
    </Filter>
  </ItemGroup>
</Project>
